
Microsoft Visual Studio Solution File, Format Version 12.00
Project("{FAE04EC0-301F-11D3-BF4B-00C04F79EFBC}") = "Dateien Zeiterfassung Schwimmbad", "Dateien Zeiterfassung Schwimmbad\Dateien Zeiterfassung Schwimmbad.csproj", "{5B1CDA11-2600-457D-9FBE-14546869617E}"
EndProject
Global
	GlobalSection(SolutionConfigurationPlatforms) = preSolution
		Debug|Any CPU = Debug|Any CPU
		Release|Any CPU = Release|Any CPU
	EndGlobalSection
	GlobalSection(ProjectConfigurationPlatforms) = postSolution
		{5B1CDA11-2600-457D-9FBE-14546869617E}.Debug|Any CPU.ActiveCfg = Debug|Any CPU
		{5B1CDA11-2600-457D-9FBE-14546869617E}.Debug|Any CPU.Build.0 = Debug|Any CPU
		{5B1CDA11-2600-457D-9FBE-14546869617E}.Release|Any CPU.ActiveCfg = Release|Any CPU
		{5B1CDA11-2600-457D-9FBE-14546869617E}.Release|Any CPU.Build.0 = Release|Any CPU
	EndGlobalSection
EndGlobal
